
Microsoft Visual Studio Solution File, Format Version 12.00
# Visual Studio 2012
Project("{FAE04EC0-301F-11D3-BF4B-00C04F79EFBC}") = "GlobalPlatform.Net", "GlobalPlatform.Net\GlobalPlatform.Net.csproj", "{F0DDA92E-B626-436A-92C4-D0075EBCADBB}"
EndProject
Project("{FAE04EC0-301F-11D3-BF4B-00C04F79EFBC}") = "Globalplatform.Net.Tests", "Globalplatform.Net.Tests\Globalplatform.Net.Tests.csproj", "{30C337AD-84CF-4331-8EE5-AB616CE98CFE}"
EndProject
Global
	GlobalSection(SolutionConfigurationPlatforms) = preSolution
		Debug|Any CPU = Debug|Any CPU
		Release|Any CPU = Release|Any CPU
	EndGlobalSection
	GlobalSection(ProjectConfigurationPlatforms) = postSolution
		{F0DDA92E-B626-436A-92C4-D0075EBCADBB}.Debug|Any CPU.ActiveCfg = Debug|Any CPU
		{F0DDA92E-B626-436A-92C4-D0075EBCADBB}.Debug|Any CPU.Build.0 = Debug|Any CPU
		{F0DDA92E-B626-436A-92C4-D0075EBCADBB}.Release|Any CPU.ActiveCfg = Release|Any CPU
		{F0DDA92E-B626-436A-92C4-D0075EBCADBB}.Release|Any CPU.Build.0 = Release|Any CPU
		{30C337AD-84CF-4331-8EE5-AB616CE98CFE}.Debug|Any CPU.ActiveCfg = Debug|Any CPU
		{30C337AD-84CF-4331-8EE5-AB616CE98CFE}.Debug|Any CPU.Build.0 = Debug|Any CPU
		{30C337AD-84CF-4331-8EE5-AB616CE98CFE}.Release|Any CPU.ActiveCfg = Release|Any CPU
		{30C337AD-84CF-4331-8EE5-AB616CE98CFE}.Release|Any CPU.Build.0 = Release|Any CPU
	EndGlobalSection
	GlobalSection(SolutionProperties) = preSolution
		HideSolutionNode = FALSE
	EndGlobalSection
EndGlobal
